
Microsoft Visual Studio Solution File, Format Version 12.00
# Visual Studio 15
VisualStudioVersion = 15.0.26430.16
MinimumVisualStudioVersion = 10.0.40219.1
Project("{9A19103F-16F7-4668-BE54-9A1E7A4F7556}") = "CreateAR.Commons.Unity.Debug", "CreateAR.Commons.Unity.Debug.csproj", "{5D1C7A81-07DF-4B07-944D-263E1948436D}"
EndProject
Global
	GlobalSection(SolutionConfigurationPlatforms) = preSolution
		Debug|Any CPU = Debug|Any CPU
		Release|Any CPU = Release|Any CPU
	EndGlobalSection
	GlobalSection(ProjectConfigurationPlatforms) = postSolution
		{5D1C7A81-07DF-4B07-944D-263E1948436D}.Debug|Any CPU.ActiveCfg = Debug|Any CPU
		{5D1C7A81-07DF-4B07-944D-263E1948436D}.Debug|Any CPU.Build.0 = Debug|Any CPU
		{5D1C7A81-07DF-4B07-944D-263E1948436D}.Release|Any CPU.ActiveCfg = Release|Any CPU
		{5D1C7A81-07DF-4B07-944D-263E1948436D}.Release|Any CPU.Build.0 = Release|Any CPU
	EndGlobalSection
	GlobalSection(SolutionProperties) = preSolution
		HideSolutionNode = FALSE
	EndGlobalSection
EndGlobal
